
Microsoft Visual Studio Solution File, Format Version 12.00
# Visual Studio Version 17
VisualStudioVersion = 17.3.32804.467
MinimumVisualStudioVersion = 10.0.40219.1
Project("{FAE04EC0-301F-11D3-BF4B-00C04F79EFBC}") = "Practico5", "Practico5\Practico5.csproj", "{02975CE4-D871-4FB8-854B-67F110C4F77D}"
EndProject
Global
	GlobalSection(SolutionConfigurationPlatforms) = preSolution
		Debug|Any CPU = Debug|Any CPU
		Release|Any CPU = Release|Any CPU
	EndGlobalSection
	GlobalSection(ProjectConfigurationPlatforms) = postSolution
		{02975CE4-D871-4FB8-854B-67F110C4F77D}.Debug|Any CPU.ActiveCfg = Debug|Any CPU
		{02975CE4-D871-4FB8-854B-67F110C4F77D}.Debug|Any CPU.Build.0 = Debug|Any CPU
		{02975CE4-D871-4FB8-854B-67F110C4F77D}.Release|Any CPU.ActiveCfg = Release|Any CPU
		{02975CE4-D871-4FB8-854B-67F110C4F77D}.Release|Any CPU.Build.0 = Release|Any CPU
	EndGlobalSection
	GlobalSection(SolutionProperties) = preSolution
		HideSolutionNode = FALSE
	EndGlobalSection
	GlobalSection(ExtensibilityGlobals) = postSolution
		SolutionGuid = {DFF70B0F-A800-4ACC-8237-AA304AAD3DB0}
	EndGlobalSection
EndGlobal
